# This file is automatically @generated by Poetry 1.8.3 and should not be changed by hand.

[[package]]
name = "pulp"
version = "3.1.1"
description = "PuLP is an LP modeler written in python. PuLP can generate MPS or LP files and call GLPK, COIN CLP/CBC, CPLEX, and GUROBI to solve linear problems."
optional = false
python-versions = ">=3.7"
files = [
    {file = "pulp-3.1.1-py3-none-any.whl", hash = "sha256:ad9d46afaf78a708270a2fa9b38e56536584c048dfbd7a6dbc719abee1051261"},
    {file = "pulp-3.1.1.tar.gz", hash = "sha256:300a330e917c9ca9ac7fda6f5849bbf30d489c368117f197a3e3fd0bc1966d95"},
]

[package.extras]
open-py = ["cylp", "highspy", "pyscipopt"]
public-py = ["coptpy", "gurobipy", "xpress"]

[metadata]
lock-version = "2.0"
python-versions = "^3.11"
content-hash = "1498e079744615626b2230b2e30b15017de30b0de5862f0d925cad4faa4fa03f"
